
Microsoft Visual Studio Solution File, Format Version 12.00
# Visual Studio Version 16
VisualStudioVersion = 16.0.31025.194
MinimumVisualStudioVersion = 10.0.40219.1
Project("{FAE04EC0-301F-11D3-BF4B-00C04F79EFBC}") = "EasyHost", "EasyHost\EasyHost.csproj", "{445FA943-91D8-4CE6-B306-84C36996EFAC}"
EndProject
Global
	GlobalSection(SolutionConfigurationPlatforms) = preSolution
		Debug|Any CPU = Debug|Any CPU
		Release|Any CPU = Release|Any CPU
	EndGlobalSection
	GlobalSection(ProjectConfigurationPlatforms) = postSolution
		{445FA943-91D8-4CE6-B306-84C36996EFAC}.Debug|Any CPU.ActiveCfg = Debug|Any CPU
		{445FA943-91D8-4CE6-B306-84C36996EFAC}.Debug|Any CPU.Build.0 = Debug|Any CPU
		{445FA943-91D8-4CE6-B306-84C36996EFAC}.Release|Any CPU.ActiveCfg = Release|Any CPU
		{445FA943-91D8-4CE6-B306-84C36996EFAC}.Release|Any CPU.Build.0 = Release|Any CPU
	EndGlobalSection
	GlobalSection(SolutionProperties) = preSolution
		HideSolutionNode = FALSE
	EndGlobalSection
	GlobalSection(ExtensibilityGlobals) = postSolution
		SolutionGuid = {FE4FF8E6-59A9-41D6-AFBC-77DFD23A0854}
	EndGlobalSection
EndGlobal
